
Microsoft Visual Studio Solution File, Format Version 12.00
# Visual Studio Version 17
VisualStudioVersion = 17.7.34202.233
MinimumVisualStudioVersion = 10.0.40219.1
Project("{FAE04EC0-301F-11D3-BF4B-00C04F79EFBC}") = "JogoDaVelha", "JogoDaVelha.csproj", "{0E7B7F4F-75EA-4802-950D-EF3E3A99D48F}"
EndProject
Global
	GlobalSection(SolutionConfigurationPlatforms) = preSolution
		Debug|Any CPU = Debug|Any CPU
		Release|Any CPU = Release|Any CPU
	EndGlobalSection
	GlobalSection(ProjectConfigurationPlatforms) = postSolution
		{0E7B7F4F-75EA-4802-950D-EF3E3A99D48F}.Debug|Any CPU.ActiveCfg = Debug|Any CPU
		{0E7B7F4F-75EA-4802-950D-EF3E3A99D48F}.Debug|Any CPU.Build.0 = Debug|Any CPU
		{0E7B7F4F-75EA-4802-950D-EF3E3A99D48F}.Release|Any CPU.ActiveCfg = Release|Any CPU
		{0E7B7F4F-75EA-4802-950D-EF3E3A99D48F}.Release|Any CPU.Build.0 = Release|Any CPU
	EndGlobalSection
	GlobalSection(SolutionProperties) = preSolution
		HideSolutionNode = FALSE
	EndGlobalSection
	GlobalSection(ExtensibilityGlobals) = postSolution
		SolutionGuid = {B767BBA1-BB27-40FE-AB12-C40EFD593E62}
	EndGlobalSection
EndGlobal
